
Microsoft Visual Studio Solution File, Format Version 12.00
# Visual Studio Version 17
VisualStudioVersion = 17.1.32421.90
MinimumVisualStudioVersion = 10.0.40219.1
Project("{FAE04EC0-301F-11D3-BF4B-00C04F79EFBC}") = "Priority1ToDo.App", "Priority1ToDo.App\Priority1ToDo.App.csproj", "{FC90FD7A-6D16-475C-B723-AD15366CBFBC}"
EndProject
Project("{FAE04EC0-301F-11D3-BF4B-00C04F79EFBC}") = "Priority1ToDo.Core", "Priority1ToDo.Core\Priority1ToDo.Core.csproj", "{6904A851-A748-4CB4-A36A-469850DFBB00}"
EndProject
Global
	GlobalSection(SolutionConfigurationPlatforms) = preSolution
		Debug|Any CPU = Debug|Any CPU
		Release|Any CPU = Release|Any CPU
	EndGlobalSection
	GlobalSection(ProjectConfigurationPlatforms) = postSolution
		{FC90FD7A-6D16-475C-B723-AD15366CBFBC}.Debug|Any CPU.ActiveCfg = Debug|Any CPU
		{FC90FD7A-6D16-475C-B723-AD15366CBFBC}.Debug|Any CPU.Build.0 = Debug|Any CPU
		{FC90FD7A-6D16-475C-B723-AD15366CBFBC}.Release|Any CPU.ActiveCfg = Release|Any CPU
		{FC90FD7A-6D16-475C-B723-AD15366CBFBC}.Release|Any CPU.Build.0 = Release|Any CPU
		{6904A851-A748-4CB4-A36A-469850DFBB00}.Debug|Any CPU.ActiveCfg = Debug|Any CPU
		{6904A851-A748-4CB4-A36A-469850DFBB00}.Debug|Any CPU.Build.0 = Debug|Any CPU
		{6904A851-A748-4CB4-A36A-469850DFBB00}.Release|Any CPU.ActiveCfg = Release|Any CPU
		{6904A851-A748-4CB4-A36A-469850DFBB00}.Release|Any CPU.Build.0 = Release|Any CPU
	EndGlobalSection
	GlobalSection(SolutionProperties) = preSolution
		HideSolutionNode = FALSE
	EndGlobalSection
	GlobalSection(ExtensibilityGlobals) = postSolution
		SolutionGuid = {2B7102AB-9BAD-454F-BD51-EF4527B55978}
	EndGlobalSection
EndGlobal
